
Microsoft Visual Studio Solution File, Format Version 12.00
# Visual Studio 15
VisualStudioVersion = 15.0.28307.438
MinimumVisualStudioVersion = 10.0.40219.1
Project("{FAE04EC0-301F-11D3-BF4B-00C04F79EFBC}") = "PureConnect", "PureConnect\PureConnect.csproj", "{A3E73ED5-F392-45F0-9AE7-54EE2E129B13}"
EndProject
Project("{9A19103F-16F7-4668-BE54-9A1E7A4F7556}") = "PureConnectServiceIntegration.Tests", "PureConnectServiceIntegrationTests\PureConnectServiceIntegration.Tests.csproj", "{6B9EAA5A-366F-4B89-9F36-2763B0E72980}"
EndProject
Global
	GlobalSection(SolutionConfigurationPlatforms) = preSolution
		Debug|Any CPU = Debug|Any CPU
		Release|Any CPU = Release|Any CPU
	EndGlobalSection
	GlobalSection(ProjectConfigurationPlatforms) = postSolution
		{A3E73ED5-F392-45F0-9AE7-54EE2E129B13}.Debug|Any CPU.ActiveCfg = Debug|Any CPU
		{A3E73ED5-F392-45F0-9AE7-54EE2E129B13}.Debug|Any CPU.Build.0 = Debug|Any CPU
		{A3E73ED5-F392-45F0-9AE7-54EE2E129B13}.Release|Any CPU.ActiveCfg = Release|Any CPU
		{A3E73ED5-F392-45F0-9AE7-54EE2E129B13}.Release|Any CPU.Build.0 = Release|Any CPU
		{6B9EAA5A-366F-4B89-9F36-2763B0E72980}.Debug|Any CPU.ActiveCfg = Debug|Any CPU
		{6B9EAA5A-366F-4B89-9F36-2763B0E72980}.Debug|Any CPU.Build.0 = Debug|Any CPU
		{6B9EAA5A-366F-4B89-9F36-2763B0E72980}.Release|Any CPU.ActiveCfg = Release|Any CPU
		{6B9EAA5A-366F-4B89-9F36-2763B0E72980}.Release|Any CPU.Build.0 = Release|Any CPU
	EndGlobalSection
	GlobalSection(SolutionProperties) = preSolution
		HideSolutionNode = FALSE
	EndGlobalSection
	GlobalSection(ExtensibilityGlobals) = postSolution
		SolutionGuid = {BC4ABE93-2BAE-41E0-8CBF-9D65439E7631}
	EndGlobalSection
	GlobalSection(TeamFoundationVersionControl) = preSolution
		SccNumberOfProjects = 3
		SccEnterpriseProvider = {4CA58AB2-18FA-4F8D-95D4-32DDF27D184C}
		SccTeamFoundationServer = https://tfs.lw.com/tfs/defaultcollection
		SccLocalPath0 = .
		SccProjectUniqueName1 = PureConnect\\PureConnect.csproj
		SccProjectName1 = PureConnect
		SccLocalPath1 = PureConnect
		SccProjectUniqueName2 = PureConnectServiceIntegrationTests\\PureConnectServiceIntegration.Tests.csproj
		SccProjectName2 = PureConnectServiceIntegrationTests
		SccLocalPath2 = PureConnectServiceIntegrationTests
	EndGlobalSection
EndGlobal
